
Microsoft Visual Studio Solution File, Format Version 12.00
# Visual Studio Version 17
VisualStudioVersion = 17.9.34728.123
MinimumVisualStudioVersion = 10.0.40219.1
Project("{FAE04EC0-301F-11D3-BF4B-00C04F79EFBC}") = "WinFormsApp1", "WinFormsApp1\WinFormsApp1.csproj", "{510C6EC9-85E9-4113-8A37-A465E3E154FB}"
EndProject
Global
	GlobalSection(SolutionConfigurationPlatforms) = preSolution
		Debug|Any CPU = Debug|Any CPU
		Release|Any CPU = Release|Any CPU
	EndGlobalSection
	GlobalSection(ProjectConfigurationPlatforms) = postSolution
		{510C6EC9-85E9-4113-8A37-A465E3E154FB}.Debug|Any CPU.ActiveCfg = Debug|Any CPU
		{510C6EC9-85E9-4113-8A37-A465E3E154FB}.Debug|Any CPU.Build.0 = Debug|Any CPU
		{510C6EC9-85E9-4113-8A37-A465E3E154FB}.Release|Any CPU.ActiveCfg = Release|Any CPU
		{510C6EC9-85E9-4113-8A37-A465E3E154FB}.Release|Any CPU.Build.0 = Release|Any CPU
	EndGlobalSection
	GlobalSection(SolutionProperties) = preSolution
		HideSolutionNode = FALSE
	EndGlobalSection
	GlobalSection(ExtensibilityGlobals) = postSolution
		SolutionGuid = {CABD2A86-215F-4640-A376-26D440AA4CD9}
	EndGlobalSection
EndGlobal
